
Microsoft Visual Studio Solution File, Format Version 12.00
# Visual Studio Version 18
VisualStudioVersion = 18.0.11018.127
MinimumVisualStudioVersion = 10.0.40219.1
Project("{FAE04EC0-301F-11D3-BF4B-00C04F79EFBC}") = "Unturned.uTest.Tests", "Unturned.uTest.Tests\Unturned.uTest.Tests.csproj", "{28E8AD36-CF10-4C41-96F7-B807F5E972F7}"
EndProject
Project("{FAE04EC0-301F-11D3-BF4B-00C04F79EFBC}") = "Unturned.uTest.Sandbox", "Unturned.uTest.Sandbox\Unturned.uTest.Sandbox.csproj", "{7AC644F4-0E21-443E-84CE-5F85030695EB}"
EndProject
Project("{FAE04EC0-301F-11D3-BF4B-00C04F79EFBC}") = "Unturned.uTest.Runner", "Unturned.uTest.Runner\Unturned.uTest.Runner.csproj", "{C307DE4E-8956-4070-9C1A-65D4AB4A814D}"
EndProject
Project("{FAE04EC0-301F-11D3-BF4B-00C04F79EFBC}") = "Unturned.uTest.Runner.SourceGenerator", "Unturned.uTest.Runner.SourceGenerator\Unturned.uTest.Runner.SourceGenerator.csproj", "{3CE5F242-B446-4AA5-8119-D41D8D356D26}"
EndProject
Project("{FAE04EC0-301F-11D3-BF4B-00C04F79EFBC}") = "Unturned.uTest.DummyPlayerHost", "Unturned.uTest.DummyPlayerHost\Unturned.uTest.DummyPlayerHost.csproj", "{498B6D88-68A9-435D-86BC-6933C01E3299}"
EndProject
Project("{FAE04EC0-301F-11D3-BF4B-00C04F79EFBC}") = "Unturned.uTest", "Unturned.uTest\Unturned.uTest.csproj", "{AA601F7B-5566-6A47-6591-7FD3FFDDF921}"
EndProject
Project("{FAE04EC0-301F-11D3-BF4B-00C04F79EFBC}") = "Unturned.uTest.Bootstrapper", "Unturned.uTest.Bootstrapper\Unturned.uTest.Bootstrapper.csproj", "{84CA667C-3D9B-47EF-8DDC-C0C7E8964AC7}"
EndProject
Project("{FAE04EC0-301F-11D3-BF4B-00C04F79EFBC}") = "Unturned.uTest.Compat", "Unturned.uTest.Compat\Unturned.uTest.Compat.csproj", "{FB3A32DC-82A4-4419-8D5F-6FDEC730FF12}"
EndProject
Project("{FAE04EC0-301F-11D3-BF4B-00C04F79EFBC}") = "Unturned.uTest.Compat.OpenMod", "Unturned.uTest.Compat.OpenMod\Unturned.uTest.Compat.OpenMod.csproj", "{AB06CB8B-E16D-4AE5-8798-4349AEE4FE9B}"
EndProject
Project("{2150E333-8FDC-42A3-9474-1A3956D46DE8}") = "Solution Items", "Solution Items", "{08CA386B-52E9-4914-B5C9-ABB71BC2CCC8}"
	ProjectSection(SolutionItems) = preProject
		Version.props = Version.props
	EndProjectSection
EndProject
Global
	GlobalSection(SolutionConfigurationPlatforms) = preSolution
		Debug|Any CPU = Debug|Any CPU
		Release|Any CPU = Release|Any CPU
	EndGlobalSection
	GlobalSection(ProjectConfigurationPlatforms) = postSolution
		{28E8AD36-CF10-4C41-96F7-B807F5E972F7}.Debug|Any CPU.ActiveCfg = Debug|Any CPU
		{28E8AD36-CF10-4C41-96F7-B807F5E972F7}.Debug|Any CPU.Build.0 = Debug|Any CPU
		{28E8AD36-CF10-4C41-96F7-B807F5E972F7}.Release|Any CPU.ActiveCfg = Release|Any CPU
		{28E8AD36-CF10-4C41-96F7-B807F5E972F7}.Release|Any CPU.Build.0 = Release|Any CPU
		{7AC644F4-0E21-443E-84CE-5F85030695EB}.Debug|Any CPU.ActiveCfg = Debug|Any CPU
		{7AC644F4-0E21-443E-84CE-5F85030695EB}.Debug|Any CPU.Build.0 = Debug|Any CPU
		{7AC644F4-0E21-443E-84CE-5F85030695EB}.Release|Any CPU.ActiveCfg = Release|Any CPU
		{7AC644F4-0E21-443E-84CE-5F85030695EB}.Release|Any CPU.Build.0 = Release|Any CPU
		{C307DE4E-8956-4070-9C1A-65D4AB4A814D}.Debug|Any CPU.ActiveCfg = Debug|Any CPU
		{C307DE4E-8956-4070-9C1A-65D4AB4A814D}.Debug|Any CPU.Build.0 = Debug|Any CPU
		{C307DE4E-8956-4070-9C1A-65D4AB4A814D}.Release|Any CPU.ActiveCfg = Release|Any CPU
		{C307DE4E-8956-4070-9C1A-65D4AB4A814D}.Release|Any CPU.Build.0 = Release|Any CPU
		{3CE5F242-B446-4AA5-8119-D41D8D356D26}.Debug|Any CPU.ActiveCfg = Debug|Any CPU
		{3CE5F242-B446-4AA5-8119-D41D8D356D26}.Debug|Any CPU.Build.0 = Debug|Any CPU
		{3CE5F242-B446-4AA5-8119-D41D8D356D26}.Release|Any CPU.ActiveCfg = Release|Any CPU
		{3CE5F242-B446-4AA5-8119-D41D8D356D26}.Release|Any CPU.Build.0 = Release|Any CPU
		{498B6D88-68A9-435D-86BC-6933C01E3299}.Debug|Any CPU.ActiveCfg = Debug|Any CPU
		{498B6D88-68A9-435D-86BC-6933C01E3299}.Debug|Any CPU.Build.0 = Debug|Any CPU
		{498B6D88-68A9-435D-86BC-6933C01E3299}.Release|Any CPU.ActiveCfg = Release|Any CPU
		{498B6D88-68A9-435D-86BC-6933C01E3299}.Release|Any CPU.Build.0 = Release|Any CPU
		{AA601F7B-5566-6A47-6591-7FD3FFDDF921}.Debug|Any CPU.ActiveCfg = Debug|Any CPU
		{AA601F7B-5566-6A47-6591-7FD3FFDDF921}.Debug|Any CPU.Build.0 = Debug|Any CPU
		{AA601F7B-5566-6A47-6591-7FD3FFDDF921}.Release|Any CPU.ActiveCfg = Release|Any CPU
		{AA601F7B-5566-6A47-6591-7FD3FFDDF921}.Release|Any CPU.Build.0 = Release|Any CPU
		{84CA667C-3D9B-47EF-8DDC-C0C7E8964AC7}.Debug|Any CPU.ActiveCfg = Debug|Any CPU
		{84CA667C-3D9B-47EF-8DDC-C0C7E8964AC7}.Debug|Any CPU.Build.0 = Debug|Any CPU
		{84CA667C-3D9B-47EF-8DDC-C0C7E8964AC7}.Release|Any CPU.ActiveCfg = Release|Any CPU
		{84CA667C-3D9B-47EF-8DDC-C0C7E8964AC7}.Release|Any CPU.Build.0 = Release|Any CPU
		{FB3A32DC-82A4-4419-8D5F-6FDEC730FF12}.Debug|Any CPU.ActiveCfg = Debug|Any CPU
		{FB3A32DC-82A4-4419-8D5F-6FDEC730FF12}.Debug|Any CPU.Build.0 = Debug|Any CPU
		{FB3A32DC-82A4-4419-8D5F-6FDEC730FF12}.Release|Any CPU.ActiveCfg = Release|Any CPU
		{FB3A32DC-82A4-4419-8D5F-6FDEC730FF12}.Release|Any CPU.Build.0 = Release|Any CPU
		{AB06CB8B-E16D-4AE5-8798-4349AEE4FE9B}.Debug|Any CPU.ActiveCfg = Debug|Any CPU
		{AB06CB8B-E16D-4AE5-8798-4349AEE4FE9B}.Debug|Any CPU.Build.0 = Debug|Any CPU
		{AB06CB8B-E16D-4AE5-8798-4349AEE4FE9B}.Release|Any CPU.ActiveCfg = Release|Any CPU
		{AB06CB8B-E16D-4AE5-8798-4349AEE4FE9B}.Release|Any CPU.Build.0 = Release|Any CPU
	EndGlobalSection
	GlobalSection(SolutionProperties) = preSolution
		HideSolutionNode = FALSE
	EndGlobalSection
	GlobalSection(ExtensibilityGlobals) = postSolution
		SolutionGuid = {7AF33A1A-9B03-4140-A638-57E179F922E2}
	EndGlobalSection
EndGlobal
